
Microsoft Visual Studio Solution File, Format Version 12.00
# Visual Studio Version 16
VisualStudioVersion = 16.0.29905.134
MinimumVisualStudioVersion = 10.0.40219.1
Project("{FAE04EC0-301F-11D3-BF4B-00C04F79EFBC}") = "EventTable", "EventTable\EventTable.csproj", "{4C945D54-5C06-45B4-8D97-542589F5E94E}"
EndProject
Global
	GlobalSection(SolutionConfigurationPlatforms) = preSolution
		Debug|Any CPU = Debug|Any CPU
		Release|Any CPU = Release|Any CPU
	EndGlobalSection
	GlobalSection(ProjectConfigurationPlatforms) = postSolution
		{4C945D54-5C06-45B4-8D97-542589F5E94E}.Debug|Any CPU.ActiveCfg = Debug|Any CPU
		{4C945D54-5C06-45B4-8D97-542589F5E94E}.Debug|Any CPU.Build.0 = Debug|Any CPU
		{4C945D54-5C06-45B4-8D97-542589F5E94E}.Release|Any CPU.ActiveCfg = Release|Any CPU
		{4C945D54-5C06-45B4-8D97-542589F5E94E}.Release|Any CPU.Build.0 = Release|Any CPU
	EndGlobalSection
	GlobalSection(SolutionProperties) = preSolution
		HideSolutionNode = FALSE
	EndGlobalSection
	GlobalSection(ExtensibilityGlobals) = postSolution
		SolutionGuid = {A01A4FB0-9419-4845-8993-5F7DADBE0EE2}
	EndGlobalSection
EndGlobal
